version = 1
revision = 2
requires-python = ">=3.12"
resolution-markers = [
    "python_full_version >= '3.13'",
    "python_full_version < '3.13'",
]

[[package]]
name = "altgraph"
version = "0.17.4"
source = { registry = "https://pypi.org/simple" }
sdist = { url = "https://files.pythonhosted.org/packages/de/a8/7145824cf0b9e3c28046520480f207df47e927df83aa9555fb47f8505922/altgraph-0.17.4.tar.gz", hash = "sha256:1b5afbb98f6c4dcadb2e2ae6ab9fa994bbb8c1d75f4fa96d340f9437ae454406", size = 48418, upload-time = "2023-09-25T09:04:52.164Z" }
wheels = [
    { url = "https://files.pythonhosted.org/packages/4d/3f/3bc3f1d83f6e4a7fcb834d3720544ca597590425be5ba9db032b2bf322a2/altgraph-0.17.4-py2.py3-none-any.whl", hash = "sha256:642743b4750de17e655e6711601b077bc6598dbfa3ba5fa2b2a35ce12b508dff", size = 21212, upload-time = "2023-09-25T09:04:50.691Z" },
]

[[package]]
name = "annotated-types"
version = "0.7.0"
source = { registry = "https://pypi.org/simple" }
sdist = { url = "https://files.pythonhosted.org/packages/ee/67/531ea369ba64dcff5ec9c3402f9f51bf748cec26dde048a2f973a4eea7f5/annotated_types-0.7.0.tar.gz", hash = "sha256:aff07c09a53a08bc8cfccb9c85b05f1aa9a2a6f23728d790723543408344ce89", size = 16081, upload-time = "2024-05-20T21:33:25.928Z" }
wheels = [
    { url = "https://files.pythonhosted.org/packages/78/b6/6307fbef88d9b5ee7421e68d78a9f162e0da4900bc5f5793f6d3d0e34fb8/annotated_types-0.7.0-py3-none-any.whl", hash = "sha256:1f02e8b43a8fbbc3f3e0d4f0f4bfc8131bcb4eebe8849b8e5c773f3a1c582a53", size = 13643, upload-time = "2024-05-20T21:33:24.1Z" },
]

[[package]]
name = "anyio"
version = "4.9.0"
source = { registry = "https://pypi.org/simple" }
dependencies = [
    { name = "idna" },
    { name = "sniffio" },
    { name = "typing-extensions", marker = "python_full_version < '3.13'" },
]
sdist = { url = "https://files.pythonhosted.org/packages/95/7d/4c1bd541d4dffa1b52bd83fb8527089e097a106fc90b467a7313b105f840/anyio-4.9.0.tar.gz", hash = "sha256:673c0c244e15788651a4ff38710fea9675823028a6f08a5eda409e0c9840a028", size = 190949, upload-time = "2025-03-17T00:02:54.77Z" }
wheels = [
    { url = "https://files.pythonhosted.org/packages/a1/ee/48ca1a7c89ffec8b6a0c5d02b89c305671d5ffd8d3c94acf8b8c408575bb/anyio-4.9.0-py3-none-any.whl", hash = "sha256:9f76d541cad6e36af7beb62e978876f3b41e3e04f2c1fbf0884604c0a9c4d93c", size = 100916, upload-time = "2025-03-17T00:02:52.713Z" },
]

[[package]]
name = "beautifulsoup4"
version = "4.12.2"
source = { registry = "https://pypi.org/simple" }
dependencies = [
    { name = "soupsieve" },
]
sdist = { url = "https://files.pythonhosted.org/packages/af/0b/44c39cf3b18a9280950ad63a579ce395dda4c32193ee9da7ff0aed547094/beautifulsoup4-4.12.2.tar.gz", hash = "sha256:492bbc69dca35d12daac71c4db1bfff0c876c00ef4a2ffacce226d4638eb72da", size = 505113, upload-time = "2023-04-07T15:02:49.038Z" }
wheels = [
    { url = "https://files.pythonhosted.org/packages/57/f4/a69c20ee4f660081a7dedb1ac57f29be9378e04edfcb90c526b923d4bebc/beautifulsoup4-4.12.2-py3-none-any.whl", hash = "sha256:bd2520ca0d9d7d12694a53d44ac482d181b4ec1888909b035a3dbf40d0f57d4a", size = 142979, upload-time = "2023-04-07T15:02:50.77Z" },
]

[[package]]
name = "certifi"
version = "2025.7.14"
source = { registry = "https://pypi.org/simple" }
sdist = { url = "https://files.pythonhosted.org/packages/b3/76/52c535bcebe74590f296d6c77c86dabf761c41980e1347a2422e4aa2ae41/certifi-2025.7.14.tar.gz", hash = "sha256:8ea99dbdfaaf2ba2f9bac77b9249ef62ec5218e7c2b2e903378ed5fccf765995", size = 163981, upload-time = "2025-07-14T03:29:28.449Z" }
wheels = [
    { url = "https://files.pythonhosted.org/packages/4f/52/34c6cf5bb9285074dc3531c437b3919e825d976fde097a7a73f79e726d03/certifi-2025.7.14-py3-none-any.whl", hash = "sha256:6b31f564a415d79ee77df69d757bb49a5bb53bd9f756cbbe24394ffd6fc1f4b2", size = 162722, upload-time = "2025-07-14T03:29:26.863Z" },
]

[[package]]
name = "chardet"
version = "5.2.0"
source = { registry = "https://pypi.org/simple" }
sdist = { url = "https://files.pythonhosted.org/packages/f3/0d/f7b6ab21ec75897ed80c17d79b15951a719226b9fababf1e40ea74d69079/chardet-5.2.0.tar.gz", hash = "sha256:1b3b6ff479a8c414bc3fa2c0852995695c4a026dcd6d0633b2dd092ca39c1cf7", size = 2069618, upload-time = "2023-08-01T19:23:02.662Z" }
wheels = [
    { url = "https://files.pythonhosted.org/packages/38/6f/f5fbc992a329ee4e0f288c1fe0e2ad9485ed064cac731ed2fe47dcc38cbf/chardet-5.2.0-py3-none-any.whl", hash = "sha256:e1cf59446890a00105fe7b7912492ea04b6e6f06d4b742b2c788469e34c82970", size = 199385, upload-time = "2023-08-01T19:23:00.661Z" },
]

[[package]]
name = "espeak-converter"
version = "0.1.0"
source = { virtual = "." }
dependencies = [
    { name = "chardet" },
    { name = "fb2parser" },
    { name = "httpx", extra = ["socks"] },
    { name = "lxml" },
    { name = "pydantic" },
    { name = "pyinstaller" },
    { name = "rich-split" },
]

[package.metadata]
requires-dist = [
    { name = "chardet", specifier = "==5.2.0" },
    { name = "fb2parser", url = "https://github.com/Danstiv/fb2parser/archive/master.zip" },
    { name = "httpx", extras = ["socks"], specifier = "==0.27.0" },
    { name = "lxml", specifier = "==5.3.0" },
    { name = "pydantic", specifier = "==2.8.2" },
    { name = "pyinstaller", specifier = "==6.10.0" },
    { name = "rich-split", specifier = "==0.1.2" },
]

[[package]]
name = "fb2parser"
version = "0.0.1"
source = { url = "https://github.com/Danstiv/fb2parser/archive/master.zip" }
dependencies = [
    { name = "beautifulsoup4" },
]
sdist = { hash = "sha256:ba109bd88c31504a77eeee29ece89479a809ceae01cd08178e2d37c0b6178433" }

[package.metadata]
requires-dist = [{ name = "beautifulsoup4", specifier = "==4.12.2" }]
provides-extras = ["optional"]

[[package]]
name = "h11"
version = "0.16.0"
source = { registry = "https://pypi.org/simple" }
sdist = { url = "https://files.pythonhosted.org/packages/01/ee/02a2c011bdab74c6fb3c75474d40b3052059d95df7e73351460c8588d963/h11-0.16.0.tar.gz", hash = "sha256:4e35b956cf45792e4caa5885e69fba00bdbc6ffafbfa020300e549b208ee5ff1", size = 101250, upload-time = "2025-04-24T03:35:25.427Z" }
wheels = [
    { url = "https://files.pythonhosted.org/packages/04/4b/29cac41a4d98d144bf5f6d33995617b185d14b22401f75ca86f384e87ff1/h11-0.16.0-py3-none-any.whl", hash = "sha256:63cf8bbe7522de3bf65932fda1d9c2772064ffb3dae62d55932da54b31cb6c86", size = 37515, upload-time = "2025-04-24T03:35:24.344Z" },
]

[[package]]
name = "httpcore"
version = "1.0.9"
source = { registry = "https://pypi.org/simple" }
dependencies = [
    { name = "certifi" },
    { name = "h11" },
]
sdist = { url = "https://files.pythonhosted.org/packages/06/94/82699a10bca87a5556c9c59b5963f2d039dbd239f25bc2a63907a05a14cb/httpcore-1.0.9.tar.gz", hash = "sha256:6e34463af53fd2ab5d807f399a9b45ea31c3dfa2276f15a2c3f00afff6e176e8", size = 85484, upload-time = "2025-04-24T22:06:22.219Z" }
wheels = [
    { url = "https://files.pythonhosted.org/packages/7e/f5/f66802a942d491edb555dd61e3a9961140fd64c90bce1eafd741609d334d/httpcore-1.0.9-py3-none-any.whl", hash = "sha256:2d400746a40668fc9dec9810239072b40b4484b640a8c38fd654a024c7a1bf55", size = 78784, upload-time = "2025-04-24T22:06:20.566Z" },
]

[[package]]
name = "httpx"
version = "0.27.0"
source = { registry = "https://pypi.org/simple" }
dependencies = [
    { name = "anyio" },
    { name = "certifi" },
    { name = "httpcore" },
    { name = "idna" },
    { name = "sniffio" },
]
sdist = { url = "https://files.pythonhosted.org/packages/5c/2d/3da5bdf4408b8b2800061c339f240c1802f2e82d55e50bd39c5a881f47f0/httpx-0.27.0.tar.gz", hash = "sha256:a0cb88a46f32dc874e04ee956e4c2764aba2aa228f650b06788ba6bda2962ab5", size = 126413, upload-time = "2024-02-21T13:07:52.434Z" }
wheels = [
    { url = "https://files.pythonhosted.org/packages/41/7b/ddacf6dcebb42466abd03f368782142baa82e08fc0c1f8eaa05b4bae87d5/httpx-0.27.0-py3-none-any.whl", hash = "sha256:71d5465162c13681bff01ad59b2cc68dd838ea1f10e51574bac27103f00c91a5", size = 75590, upload-time = "2024-02-21T13:07:50.455Z" },
]

[package.optional-dependencies]
socks = [
    { name = "socksio" },
]

[[package]]
name = "idna"
version = "3.10"
source = { registry = "https://pypi.org/simple" }
sdist = { url = "https://files.pythonhosted.org/packages/f1/70/7703c29685631f5a7590aa73f1f1d3fa9a380e654b86af429e0934a32f7d/idna-3.10.tar.gz", hash = "sha256:12f65c9b470abda6dc35cf8e63cc574b1c52b11df2c86030af0ac09b01b13ea9", size = 190490, upload-time = "2024-09-15T18:07:39.745Z" }
wheels = [
    { url = "https://files.pythonhosted.org/packages/76/c6/c88e154df9c4e1a2a66ccf0005a88dfb2650c1dffb6f5ce603dfbd452ce3/idna-3.10-py3-none-any.whl", hash = "sha256:946d195a0d259cbba61165e88e65941f16e9b36ea6ddb97f00452bae8b1287d3", size = 70442, upload-time = "2024-09-15T18:07:37.964Z" },
]

[[package]]
name = "lxml"
version = "5.3.0"
source = { registry = "https://pypi.org/simple" }
sdist = { url = "https://files.pythonhosted.org/packages/e7/6b/20c3a4b24751377aaa6307eb230b66701024012c29dd374999cc92983269/lxml-5.3.0.tar.gz", hash = "sha256:4e109ca30d1edec1ac60cdbe341905dc3b8f55b16855e03a54aaf59e51ec8c6f", size = 3679318, upload-time = "2024-08-10T18:17:29.668Z" }
wheels = [
    { url = "https://files.pythonhosted.org/packages/eb/6d/d1f1c5e40c64bf62afd7a3f9b34ce18a586a1cccbf71e783cd0a6d8e8971/lxml-5.3.0-cp312-cp312-macosx_10_9_universal2.whl", hash = "sha256:e99f5507401436fdcc85036a2e7dc2e28d962550afe1cbfc07c40e454256a859", size = 8171753, upload-time = "2024-08-10T18:11:07.859Z" },
    { url = "https://files.pythonhosted.org/packages/bd/83/26b1864921869784355459f374896dcf8b44d4af3b15d7697e9156cb2de9/lxml-5.3.0-cp312-cp312-macosx_10_9_x86_64.whl", hash = "sha256:384aacddf2e5813a36495233b64cb96b1949da72bef933918ba5c84e06af8f0e", size = 4441955, upload-time = "2024-08-10T18:11:12.251Z" },
    { url = "https://files.pythonhosted.org/packages/e0/d2/e9bff9fb359226c25cda3538f664f54f2804f4b37b0d7c944639e1a51f69/lxml-5.3.0-cp312-cp312-manylinux_2_12_i686.manylinux2010_i686.manylinux_2_17_i686.manylinux2014_i686.whl", hash = "sha256:874a216bf6afaf97c263b56371434e47e2c652d215788396f60477540298218f", size = 5050778, upload-time = "2024-08-10T18:11:16.233Z" },
    { url = "https://files.pythonhosted.org/packages/88/69/6972bfafa8cd3ddc8562b126dd607011e218e17be313a8b1b9cc5a0ee876/lxml-5.3.0-cp312-cp312-manylinux_2_17_aarch64.manylinux2014_aarch64.whl", hash = "sha256:65ab5685d56914b9a2a34d67dd5488b83213d680b0c5d10b47f81da5a16b0b0e", size = 4748628, upload-time = "2024-08-10T18:11:19.507Z" },
    { url = "https://files.pythonhosted.org/packages/5d/ea/a6523c7c7f6dc755a6eed3d2f6d6646617cad4d3d6d8ce4ed71bfd2362c8/lxml-5.3.0-cp312-cp312-manylinux_2_17_ppc64le.manylinux2014_ppc64le.whl", hash = "sha256:aac0bbd3e8dd2d9c45ceb82249e8bdd3ac99131a32b4d35c8af3cc9db1657179", size = 5322215, upload-time = "2024-08-10T18:11:23.708Z" },
    { url = "https://files.pythonhosted.org/packages/99/37/396fbd24a70f62b31d988e4500f2068c7f3fd399d2fd45257d13eab51a6f/lxml-5.3.0-cp312-cp312-manylinux_2_17_s390x.manylinux2014_s390x.whl", hash = "sha256:b369d3db3c22ed14c75ccd5af429086f166a19627e84a8fdade3f8f31426e52a", size = 4813963, upload-time = "2024-08-10T18:11:26.997Z" },
    { url = "https://files.pythonhosted.org/packages/09/91/e6136f17459a11ce1757df864b213efbeab7adcb2efa63efb1b846ab6723/lxml-5.3.0-cp312-cp312-manylinux_2_17_x86_64.manylinux2014_x86_64.whl", hash = "sha256:c24037349665434f375645fa9d1f5304800cec574d0310f618490c871fd902b3", size = 4923353, upload-time = "2024-08-10T18:11:30.478Z" },
    { url = "https://files.pythonhosted.org/packages/1d/7c/2eeecf87c9a1fca4f84f991067c693e67340f2b7127fc3eca8fa29d75ee3/lxml-5.3.0-cp312-cp312-manylinux_2_28_aarch64.whl", hash = "sha256:62d172f358f33a26d6b41b28c170c63886742f5b6772a42b59b4f0fa10526cb1", size = 4740541, upload-time = "2024-08-10T18:11:34.344Z" },
    { url = "https://files.pythonhosted.org/packages/3b/ed/4c38ba58defca84f5f0d0ac2480fdcd99fc7ae4b28fc417c93640a6949ae/lxml-5.3.0-cp312-cp312-manylinux_2_28_ppc64le.whl", hash = "sha256:c1f794c02903c2824fccce5b20c339a1a14b114e83b306ff11b597c5f71a1c8d", size = 5346504, upload-time = "2024-08-10T18:11:37.595Z" },
    { url = "https://files.pythonhosted.org/packages/a5/22/bbd3995437e5745cb4c2b5d89088d70ab19d4feabf8a27a24cecb9745464/lxml-5.3.0-cp312-cp312-manylinux_2_28_s390x.whl", hash = "sha256:5d6a6972b93c426ace71e0be9a6f4b2cfae9b1baed2eed2006076a746692288c", size = 4898077, upload-time = "2024-08-10T18:11:40.867Z" },
    { url = "https://files.pythonhosted.org/packages/0a/6e/94537acfb5b8f18235d13186d247bca478fea5e87d224644e0fe907df976/lxml-5.3.0-cp312-cp312-manylinux_2_28_x86_64.whl", hash = "sha256:3879cc6ce938ff4eb4900d901ed63555c778731a96365e53fadb36437a131a99", size = 4946543, upload-time = "2024-08-10T18:11:44.954Z" },
    { url = "https://files.pythonhosted.org/packages/8d/e8/4b15df533fe8e8d53363b23a41df9be907330e1fa28c7ca36893fad338ee/lxml-5.3.0-cp312-cp312-musllinux_1_2_aarch64.whl", hash = "sha256:74068c601baff6ff021c70f0935b0c7bc528baa8ea210c202e03757c68c5a4ff", size = 4816841, upload-time = "2024-08-10T18:11:49.046Z" },
    { url = "https://files.pythonhosted.org/packages/1a/e7/03f390ea37d1acda50bc538feb5b2bda6745b25731e4e76ab48fae7106bf/lxml-5.3.0-cp312-cp312-musllinux_1_2_ppc64le.whl", hash = "sha256:ecd4ad8453ac17bc7ba3868371bffb46f628161ad0eefbd0a855d2c8c32dd81a", size = 5417341, upload-time = "2024-08-10T18:11:52.295Z" },
    { url = "https://files.pythonhosted.org/packages/ea/99/d1133ab4c250da85a883c3b60249d3d3e7c64f24faff494cf0fd23f91e80/lxml-5.3.0-cp312-cp312-musllinux_1_2_s390x.whl", hash = "sha256:7e2f58095acc211eb9d8b5771bf04df9ff37d6b87618d1cbf85f92399c98dae8", size = 5327539, upload-time = "2024-08-10T18:11:55.98Z" },
    { url = "https://files.pythonhosted.org/packages/7d/ed/e6276c8d9668028213df01f598f385b05b55a4e1b4662ee12ef05dab35aa/lxml-5.3.0-cp312-cp312-musllinux_1_2_x86_64.whl", hash = "sha256:e63601ad5cd8f860aa99d109889b5ac34de571c7ee902d6812d5d9ddcc77fa7d", size = 5012542, upload-time = "2024-08-10T18:11:59.351Z" },
    { url = "https://files.pythonhosted.org/packages/36/88/684d4e800f5aa28df2a991a6a622783fb73cf0e46235cfa690f9776f032e/lxml-5.3.0-cp312-cp312-win32.whl", hash = "sha256:17e8d968d04a37c50ad9c456a286b525d78c4a1c15dd53aa46c1d8e06bf6fa30", size = 3486454, upload-time = "2024-08-10T18:12:02.696Z" },
    { url = "https://files.pythonhosted.org/packages/fc/82/ace5a5676051e60355bd8fb945df7b1ba4f4fb8447f2010fb816bfd57724/lxml-5.3.0-cp312-cp312-win_amd64.whl", hash = "sha256:c1a69e58a6bb2de65902051d57fde951febad631a20a64572677a1052690482f", size = 3816857, upload-time = "2024-08-10T18:12:06.456Z" },
    { url = "https://files.pythonhosted.org/packages/94/6a/42141e4d373903bfea6f8e94b2f554d05506dfda522ada5343c651410dc8/lxml-5.3.0-cp313-cp313-macosx_10_13_universal2.whl", hash = "sha256:8c72e9563347c7395910de6a3100a4840a75a6f60e05af5e58566868d5eb2d6a", size = 8156284, upload-time = "2024-08-10T18:12:10.439Z" },
    { url = "https://files.pythonhosted.org/packages/91/5e/fa097f0f7d8b3d113fb7312c6308af702f2667f22644441715be961f2c7e/lxml-5.3.0-cp313-cp313-macosx_10_13_x86_64.whl", hash = "sha256:e92ce66cd919d18d14b3856906a61d3f6b6a8500e0794142338da644260595cd", size = 4432407, upload-time = "2024-08-10T18:12:13.917Z" },
    { url = "https://files.pythonhosted.org/packages/2d/a1/b901988aa6d4ff937f2e5cfc114e4ec561901ff00660c3e56713642728da/lxml-5.3.0-cp313-cp313-manylinux_2_12_i686.manylinux2010_i686.manylinux_2_17_i686.manylinux2014_i686.whl", hash = "sha256:1d04f064bebdfef9240478f7a779e8c5dc32b8b7b0b2fc6a62e39b928d428e51", size = 5048331, upload-time = "2024-08-10T18:12:17.204Z" },
    { url = "https://files.pythonhosted.org/packages/30/0f/b2a54f48e52de578b71bbe2a2f8160672a8a5e103df3a78da53907e8c7ed/lxml-5.3.0-cp313-cp313-manylinux_2_17_aarch64.manylinux2014_aarch64.whl", hash = "sha256:5c2fb570d7823c2bbaf8b419ba6e5662137f8166e364a8b2b91051a1fb40ab8b", size = 4744835, upload-time = "2024-08-10T18:12:21.172Z" },
    { url = "https://files.pythonhosted.org/packages/82/9d/b000c15538b60934589e83826ecbc437a1586488d7c13f8ee5ff1f79a9b8/lxml-5.3.0-cp313-cp313-manylinux_2_17_ppc64le.manylinux2014_ppc64le.whl", hash = "sha256:0c120f43553ec759f8de1fee2f4794452b0946773299d44c36bfe18e83caf002", size = 5316649, upload-time = "2024-08-10T18:12:24.897Z" },
    { url = "https://files.pythonhosted.org/packages/e3/ee/ffbb9eaff5e541922611d2c56b175c45893d1c0b8b11e5a497708a6a3b3b/lxml-5.3.0-cp313-cp313-manylinux_2_17_s390x.manylinux2014_s390x.whl", hash = "sha256:562e7494778a69086f0312ec9689f6b6ac1c6b65670ed7d0267e49f57ffa08c4", size = 4812046, upload-time = "2024-08-10T18:12:29.028Z" },
    { url = "https://files.pythonhosted.org/packages/15/ff/7ff89d567485c7b943cdac316087f16b2399a8b997007ed352a1248397e5/lxml-5.3.0-cp313-cp313-manylinux_2_17_x86_64.manylinux2014_x86_64.whl", hash = "sha256:423b121f7e6fa514ba0c7918e56955a1d4470ed35faa03e3d9f0e3baa4c7e492", size = 4918597, upload-time = "2024-08-10T18:12:32.278Z" },
    { url = "https://files.pythonhosted.org/packages/c6/a3/535b6ed8c048412ff51268bdf4bf1cf052a37aa7e31d2e6518038a883b29/lxml-5.3.0-cp313-cp313-manylinux_2_28_aarch64.whl", hash = "sha256:c00f323cc00576df6165cc9d21a4c21285fa6b9989c5c39830c3903dc4303ef3", size = 4738071, upload-time = "2024-08-10T18:12:35.407Z" },
    { url = "https://files.pythonhosted.org/packages/7a/8f/cbbfa59cb4d4fd677fe183725a76d8c956495d7a3c7f111ab8f5e13d2e83/lxml-5.3.0-cp313-cp313-manylinux_2_28_ppc64le.whl", hash = "sha256:1fdc9fae8dd4c763e8a31e7630afef517eab9f5d5d31a278df087f307bf601f4", size = 5342213, upload-time = "2024-08-10T18:12:38.73Z" },
    { url = "https://files.pythonhosted.org/packages/5c/fb/db4c10dd9958d4b52e34d1d1f7c1f434422aeaf6ae2bbaaff2264351d944/lxml-5.3.0-cp313-cp313-manylinux_2_28_s390x.whl", hash = "sha256:658f2aa69d31e09699705949b5fc4719cbecbd4a97f9656a232e7d6c7be1a367", size = 4893749, upload-time = "2024-08-10T18:12:42.606Z" },
    { url = "https://files.pythonhosted.org/packages/f2/38/bb4581c143957c47740de18a3281a0cab7722390a77cc6e610e8ebf2d736/lxml-5.3.0-cp313-cp313-manylinux_2_28_x86_64.whl", hash = "sha256:1473427aff3d66a3fa2199004c3e601e6c4500ab86696edffdbc84954c72d832", size = 4945901, upload-time = "2024-08-10T18:12:45.944Z" },
    { url = "https://files.pythonhosted.org/packages/fc/d5/18b7de4960c731e98037bd48fa9f8e6e8f2558e6fbca4303d9b14d21ef3b/lxml-5.3.0-cp313-cp313-musllinux_1_2_aarch64.whl", hash = "sha256:a87de7dd873bf9a792bf1e58b1c3887b9264036629a5bf2d2e6579fe8e73edff", size = 4815447, upload-time = "2024-08-10T18:12:49.051Z" },
    { url = "https://files.pythonhosted.org/packages/97/a8/cd51ceaad6eb849246559a8ef60ae55065a3df550fc5fcd27014361c1bab/lxml-5.3.0-cp313-cp313-musllinux_1_2_ppc64le.whl", hash = "sha256:0d7b36afa46c97875303a94e8f3ad932bf78bace9e18e603f2085b652422edcd", size = 5411186, upload-time = "2024-08-10T18:12:52.388Z" },
    { url = "https://files.pythonhosted.org/packages/89/c3/1e3dabab519481ed7b1fdcba21dcfb8832f57000733ef0e71cf6d09a5e03/lxml-5.3.0-cp313-cp313-musllinux_1_2_s390x.whl", hash = "sha256:cf120cce539453ae086eacc0130a324e7026113510efa83ab42ef3fcfccac7fb", size = 5324481, upload-time = "2024-08-10T18:12:56.021Z" },
    { url = "https://files.pythonhosted.org/packages/b6/17/71e9984cf0570cd202ac0a1c9ed5c1b8889b0fc8dc736f5ef0ffb181c284/lxml-5.3.0-cp313-cp313-musllinux_1_2_x86_64.whl", hash = "sha256:df5c7333167b9674aa8ae1d4008fa4bc17a313cc490b2cca27838bbdcc6bb15b", size = 5011053, upload-time = "2024-08-10T18:12:59.714Z" },
    { url = "https://files.pythonhosted.org/packages/69/68/9f7e6d3312a91e30829368c2b3217e750adef12a6f8eb10498249f4e8d72/lxml-5.3.0-cp313-cp313-win32.whl", hash = "sha256:c802e1c2ed9f0c06a65bc4ed0189d000ada8049312cfeab6ca635e39c9608957", size = 3485634, upload-time = "2024-08-10T18:13:02.78Z" },
    { url = "https://files.pythonhosted.org/packages/7d/db/214290d58ad68c587bd5d6af3d34e56830438733d0d0856c0275fde43652/lxml-5.3.0-cp313-cp313-win_amd64.whl", hash = "sha256:406246b96d552e0503e17a1006fd27edac678b3fcc9f1be71a2f94b4ff61528d", size = 3814417, upload-time = "2024-08-10T18:13:05.791Z" },
]

[[package]]
name = "macholib"
version = "1.16.3"
source = { registry = "https://pypi.org/simple" }
dependencies = [
    { name = "altgraph" },
]
sdist = { url = "https://files.pythonhosted.org/packages/95/ee/af1a3842bdd5902ce133bd246eb7ffd4375c38642aeb5dc0ae3a0329dfa2/macholib-1.16.3.tar.gz", hash = "sha256:07ae9e15e8e4cd9a788013d81f5908b3609aa76f9b1421bae9c4d7606ec86a30", size = 59309, upload-time = "2023-09-25T09:10:16.155Z" }
wheels = [
    { url = "https://files.pythonhosted.org/packages/d1/5d/c059c180c84f7962db0aeae7c3b9303ed1d73d76f2bfbc32bc231c8be314/macholib-1.16.3-py2.py3-none-any.whl", hash = "sha256:0e315d7583d38b8c77e815b1ecbdbf504a8258d8b3e17b61165c6feb60d18f2c", size = 38094, upload-time = "2023-09-25T09:10:14.188Z" },
]

[[package]]
name = "marko"
version = "2.1.4"
source = { registry = "https://pypi.org/simple" }
sdist = { url = "https://files.pythonhosted.org/packages/72/dc/c8cadbd83de1b38d95a48568b445a5553005ebdd32e00a333ca940113db4/marko-2.1.4.tar.gz", hash = "sha256:dd7d66f3706732bf8f994790e674649a4fd0a6c67f16b80246f30de8e16a1eac", size = 142795, upload-time = "2025-06-13T03:25:50.857Z" }
wheels = [
    { url = "https://files.pythonhosted.org/packages/c3/66/49e3691d14898fb6e34ccb337c7677dfb7e18269ed170f12e4b85315eae6/marko-2.1.4-py3-none-any.whl", hash = "sha256:81c2b9f570ca485bc356678d9ba1a1b3eb78b4a315d01f3ded25442fdc796990", size = 42186, upload-time = "2025-06-13T03:25:49.858Z" },
]

[[package]]
name = "packaging"
version = "25.0"
source = { registry = "https://pypi.org/simple" }
sdist = { url = "https://files.pythonhosted.org/packages/a1/d4/1fc4078c65507b51b96ca8f8c3ba19e6a61c8253c72794544580a7b6c24d/packaging-25.0.tar.gz", hash = "sha256:d443872c98d677bf60f6a1f2f8c1cb748e8fe762d2bf9d3148b5599295b0fc4f", size = 165727, upload-time = "2025-04-19T11:48:59.673Z" }
wheels = [
    { url = "https://files.pythonhosted.org/packages/20/12/38679034af332785aac8774540895e234f4d07f7545804097de4b666afd8/packaging-25.0-py3-none-any.whl", hash = "sha256:29572ef2b1f17581046b3a2227d5c611fb25ec70ca1ba8554b24b0e69331a484", size = 66469, upload-time = "2025-04-19T11:48:57.875Z" },
]

[[package]]
name = "pefile"
version = "2024.8.26"
source = { registry = "https://pypi.org/simple" }
sdist = { url = "https://files.pythonhosted.org/packages/03/4f/2750f7f6f025a1507cd3b7218691671eecfd0bbebebe8b39aa0fe1d360b8/pefile-2024.8.26.tar.gz", hash = "sha256:3ff6c5d8b43e8c37bb6e6dd5085658d658a7a0bdcd20b6a07b1fcfc1c4e9d632", size = 76008, upload-time = "2024-08-26T20:58:38.155Z" }
wheels = [
    { url = "https://files.pythonhosted.org/packages/54/16/12b82f791c7f50ddec566873d5bdd245baa1491bac11d15ffb98aecc8f8b/pefile-2024.8.26-py3-none-any.whl", hash = "sha256:76f8b485dcd3b1bb8166f1128d395fa3d87af26360c2358fb75b80019b957c6f", size = 74766, upload-time = "2024-08-26T21:01:02.632Z" },
]

[[package]]
name = "pydantic"
version = "2.8.2"
source = { registry = "https://pypi.org/simple" }
dependencies = [
    { name = "annotated-types" },
    { name = "pydantic-core" },
    { name = "typing-extensions" },
]
sdist = { url = "https://files.pythonhosted.org/packages/8c/99/d0a5dca411e0a017762258013ba9905cd6e7baa9a3fd1fe8b6529472902e/pydantic-2.8.2.tar.gz", hash = "sha256:6f62c13d067b0755ad1c21a34bdd06c0c12625a22b0fc09c6b149816604f7c2a", size = 739834, upload-time = "2024-07-04T02:59:49.416Z" }
wheels = [
    { url = "https://files.pythonhosted.org/packages/1f/fa/b7f815b8c9ad021c07f88875b601222ef5e70619391ade4a49234d12d278/pydantic-2.8.2-py3-none-any.whl", hash = "sha256:73ee9fddd406dc318b885c7a2eab8a6472b68b8fb5ba8150949fc3db939f23c8", size = 423875, upload-time = "2024-07-04T02:59:45.33Z" },
]

[[package]]
name = "pydantic-core"
version = "2.20.1"
source = { registry = "https://pypi.org/simple" }
dependencies = [
    { name = "typing-extensions" },
]
sdist = { url = "https://files.pythonhosted.org/packages/12/e3/0d5ad91211dba310f7ded335f4dad871172b9cc9ce204f5a56d76ccd6247/pydantic_core-2.20.1.tar.gz", hash = "sha256:26ca695eeee5f9f1aeeb211ffc12f10bcb6f71e2989988fda61dabd65db878d4", size = 388371, upload-time = "2024-07-03T17:04:13.963Z" }
wheels = [
    { url = "https://files.pythonhosted.org/packages/6f/47/ef0d60ae23c41aced42921728650460dc831a0adf604bfa66b76028cb4d0/pydantic_core-2.20.1-cp312-cp312-macosx_10_12_x86_64.whl", hash = "sha256:595ba5be69b35777474fa07f80fc260ea71255656191adb22a8c53aba4479231", size = 1839225, upload-time = "2024-07-03T17:01:15.981Z" },
    { url = "https://files.pythonhosted.org/packages/6a/23/430f2878c9cd977a61bb39f71751d9310ec55cee36b3d5bf1752c6341fd0/pydantic_core-2.20.1-cp312-cp312-macosx_11_0_arm64.whl", hash = "sha256:a4f55095ad087474999ee28d3398bae183a66be4823f753cd7d67dd0153427c9", size = 1768604, upload-time = "2024-07-03T17:01:18.188Z" },
    { url = "https://files.pythonhosted.org/packages/9e/2b/ec4e7225dee79e0dc80ccc3c35ab33cc2c4bbb8a1a7ecf060e5e453651ec/pydantic_core-2.20.1-cp312-cp312-manylinux_2_17_aarch64.manylinux2014_aarch64.whl", hash = "sha256:f9aa05d09ecf4c75157197f27cdc9cfaeb7c5f15021c6373932bf3e124af029f", size = 1789767, upload-time = "2024-07-03T17:01:20.86Z" },
    { url = "https://files.pythonhosted.org/packages/64/b0/38b24a1fa6d2f96af3148362e10737ec073768cd44d3ec21dca3be40a519/pydantic_core-2.20.1-cp312-cp312-manylinux_2_17_armv7l.manylinux2014_armv7l.whl", hash = "sha256:e97fdf088d4b31ff4ba35db26d9cc472ac7ef4a2ff2badeabf8d727b3377fc52", size = 1772061, upload-time = "2024-07-03T17:01:23.9Z" },
    { url = "https://files.pythonhosted.org/packages/5e/da/bb73274c42cb60decfa61e9eb0c9029da78b3b9af0a9de0309dbc8ff87b6/pydantic_core-2.20.1-cp312-cp312-manylinux_2_17_ppc64le.manylinux2014_ppc64le.whl", hash = "sha256:bc633a9fe1eb87e250b5c57d389cf28998e4292336926b0b6cdaee353f89a237", size = 1974573, upload-time = "2024-07-03T17:01:26.318Z" },
    { url = "https://files.pythonhosted.org/packages/c8/65/41693110fb3552556180460daffdb8bbeefb87fc026fd9aa4b849374015c/pydantic_core-2.20.1-cp312-cp312-manylinux_2_17_s390x.manylinux2014_s390x.whl", hash = "sha256:d573faf8eb7e6b1cbbcb4f5b247c60ca8be39fe2c674495df0eb4318303137fe", size = 2625596, upload-time = "2024-07-03T17:01:28.775Z" },
    { url = "https://files.pythonhosted.org/packages/09/b3/a5a54b47cccd1ab661ed5775235c5e06924753c2d4817737c5667bfa19a8/pydantic_core-2.20.1-cp312-cp312-manylinux_2_17_x86_64.manylinux2014_x86_64.whl", hash = "sha256:26dc97754b57d2fd00ac2b24dfa341abffc380b823211994c4efac7f13b9e90e", size = 2099064, upload-time = "2024-07-03T17:01:30.962Z" },
    { url = "https://files.pythonhosted.org/packages/52/fa/443a7a6ea54beaba45ff3a59f3d3e6e3004b7460bcfb0be77bcf98719d3b/pydantic_core-2.20.1-cp312-cp312-manylinux_2_5_i686.manylinux1_i686.whl", hash = "sha256:33499e85e739a4b60c9dac710c20a08dc73cb3240c9a0e22325e671b27b70d24", size = 1900345, upload-time = "2024-07-03T17:01:33.634Z" },
    { url = "https://files.pythonhosted.org/packages/8e/e6/9aca9ffae60f9cdf0183069de3e271889b628d0fb175913fcb3db5618fb1/pydantic_core-2.20.1-cp312-cp312-musllinux_1_1_aarch64.whl", hash = "sha256:bebb4d6715c814597f85297c332297c6ce81e29436125ca59d1159b07f423eb1", size = 1968252, upload-time = "2024-07-03T17:01:36.291Z" },
    { url = "https://files.pythonhosted.org/packages/46/5e/6c716810ea20a6419188992973a73c2fb4eb99cd382368d0637ddb6d3c99/pydantic_core-2.20.1-cp312-cp312-musllinux_1_1_x86_64.whl", hash = "sha256:516d9227919612425c8ef1c9b869bbbee249bc91912c8aaffb66116c0b447ebd", size = 2119191, upload-time = "2024-07-03T17:01:38.905Z" },
    { url = "https://files.pythonhosted.org/packages/06/fc/6123b00a9240fbb9ae0babad7a005d51103d9a5d39c957a986f5cdd0c271/pydantic_core-2.20.1-cp312-none-win32.whl", hash = "sha256:469f29f9093c9d834432034d33f5fe45699e664f12a13bf38c04967ce233d688", size = 1717788, upload-time = "2024-07-03T17:01:41.329Z" },
    { url = "https://files.pythonhosted.org/packages/d5/36/e61ad5a46607a469e2786f398cd671ebafcd9fb17f09a2359985c7228df5/pydantic_core-2.20.1-cp312-none-win_amd64.whl", hash = "sha256:035ede2e16da7281041f0e626459bcae33ed998cca6a0a007a5ebb73414ac72d", size = 1898188, upload-time = "2024-07-03T17:01:44.155Z" },
    { url = "https://files.pythonhosted.org/packages/49/75/40b0e98b658fdba02a693b3bacb4c875a28bba87796c7b13975976597d8c/pydantic_core-2.20.1-cp313-cp313-macosx_10_12_x86_64.whl", hash = "sha256:0827505a5c87e8aa285dc31e9ec7f4a17c81a813d45f70b1d9164e03a813a686", size = 1838688, upload-time = "2024-07-03T17:01:46.508Z" },
    { url = "https://files.pythonhosted.org/packages/75/02/d8ba2d4a266591a6a623c68b331b96523d4b62ab82a951794e3ed8907390/pydantic_core-2.20.1-cp313-cp313-macosx_11_0_arm64.whl", hash = "sha256:19c0fa39fa154e7e0b7f82f88ef85faa2a4c23cc65aae2f5aea625e3c13c735a", size = 1768409, upload-time = "2024-07-03T17:01:49.013Z" },
    { url = "https://files.pythonhosted.org/packages/91/ae/25ecd9bc4ce4993e99a1a3c9ab111c082630c914260e129572fafed4ecc2/pydantic_core-2.20.1-cp313-cp313-manylinux_2_17_aarch64.manylinux2014_aarch64.whl", hash = "sha256:4aa223cd1e36b642092c326d694d8bf59b71ddddc94cdb752bbbb1c5c91d833b", size = 1789317, upload-time = "2024-07-03T17:01:51.78Z" },
    { url = "https://files.pythonhosted.org/packages/7a/80/72057580681cdbe55699c367963d9c661b569a1d39338b4f6239faf36cdc/pydantic_core-2.20.1-cp313-cp313-manylinux_2_17_armv7l.manylinux2014_armv7l.whl", hash = "sha256:c336a6d235522a62fef872c6295a42ecb0c4e1d0f1a3e500fe949415761b8a19", size = 1771949, upload-time = "2024-07-03T17:01:53.881Z" },
    { url = "https://files.pythonhosted.org/packages/a2/be/d9bbabc55b05019013180f141fcaf3b14dbe15ca7da550e95b60c321009a/pydantic_core-2.20.1-cp313-cp313-manylinux_2_17_ppc64le.manylinux2014_ppc64le.whl", hash = "sha256:7eb6a0587eded33aeefea9f916899d42b1799b7b14b8f8ff2753c0ac1741edac", size = 1974392, upload-time = "2024-07-03T17:01:56.005Z" },
    { url = "https://files.pythonhosted.org/packages/79/2d/7bcd938c6afb0f40293283f5f09988b61fb0a4f1d180abe7c23a2f665f8e/pydantic_core-2.20.1-cp313-cp313-manylinux_2_17_s390x.manylinux2014_s390x.whl", hash = "sha256:70c8daf4faca8da5a6d655f9af86faf6ec2e1768f4b8b9d0226c02f3d6209703", size = 2625565, upload-time = "2024-07-03T17:01:58.508Z" },
    { url = "https://files.pythonhosted.org/packages/ac/88/ca758e979457096008a4b16a064509028e3e092a1e85a5ed6c18ced8da88/pydantic_core-2.20.1-cp313-cp313-manylinux_2_17_x86_64.manylinux2014_x86_64.whl", hash = "sha256:e9fa4c9bf273ca41f940bceb86922a7667cd5bf90e95dbb157cbb8441008482c", size = 2098784, upload-time = "2024-07-03T17:02:01.13Z" },
    { url = "https://files.pythonhosted.org/packages/eb/de/2fad6d63c3c42e472e985acb12ec45b7f56e42e6f4cd6dfbc5e87ee8678c/pydantic_core-2.20.1-cp313-cp313-manylinux_2_5_i686.manylinux1_i686.whl", hash = "sha256:11b71d67b4725e7e2a9f6e9c0ac1239bbc0c48cce3dc59f98635efc57d6dac83", size = 1900198, upload-time = "2024-07-03T17:02:04.348Z" },
    { url = "https://files.pythonhosted.org/packages/fe/50/077c7f35b6488dc369a6d22993af3a37901e198630f38ac43391ca730f5b/pydantic_core-2.20.1-cp313-cp313-musllinux_1_1_aarch64.whl", hash = "sha256:270755f15174fb983890c49881e93f8f1b80f0b5e3a3cc1394a255706cabd203", size = 1968005, upload-time = "2024-07-03T17:02:06.737Z" },
    { url = "https://files.pythonhosted.org/packages/5d/1f/f378631574ead46d636b9a04a80ff878b9365d4b361b1905ef1667d4182a/pydantic_core-2.20.1-cp313-cp313-musllinux_1_1_x86_64.whl", hash = "sha256:c81131869240e3e568916ef4c307f8b99583efaa60a8112ef27a366eefba8ef0", size = 2118920, upload-time = "2024-07-03T17:02:09.976Z" },
    { url = "https://files.pythonhosted.org/packages/7a/ea/e4943f17df7a3031d709481fe4363d4624ae875a6409aec34c28c9e6cf59/pydantic_core-2.20.1-cp313-none-win32.whl", hash = "sha256:b91ced227c41aa29c672814f50dbb05ec93536abf8f43cd14ec9521ea09afe4e", size = 1717397, upload-time = "2024-07-03T17:02:12.495Z" },
    { url = "https://files.pythonhosted.org/packages/13/63/b95781763e8d84207025071c0cec16d921c0163c7a9033ae4b9a0e020dc7/pydantic_core-2.20.1-cp313-none-win_amd64.whl", hash = "sha256:65db0f2eefcaad1a3950f498aabb4875c8890438bc80b19362cf633b87a8ab20", size = 1898013, upload-time = "2024-07-03T17:02:15.157Z" },
]

[[package]]
name = "pyinstaller"
version = "6.10.0"
source = { registry = "https://pypi.org/simple" }
dependencies = [
    { name = "altgraph" },
    { name = "macholib", marker = "sys_platform == 'darwin'" },
    { name = "packaging" },
    { name = "pefile", marker = "sys_platform == 'win32'" },
    { name = "pyinstaller-hooks-contrib" },
    { name = "pywin32-ctypes", marker = "sys_platform == 'win32'" },
    { name = "setuptools" },
]
sdist = { url = "https://files.pythonhosted.org/packages/5c/df/30b1f66d35defa37e676556acca4eb775b49637bb73054b0c31af134cd8a/pyinstaller-6.10.0.tar.gz", hash = "sha256:143840f8056ff7b910bf8f16f6cd92cc10a6c2680bb76d0a25d558d543d21270", size = 2464746, upload-time = "2024-08-10T16:37:15.601Z" }
wheels = [
    { url = "https://files.pythonhosted.org/packages/a6/fd/9b3c208c9cc822555b88c6af051da5f7291f367e4337ea44b138008ba2fb/pyinstaller-6.10.0-py3-none-macosx_10_13_universal2.whl", hash = "sha256:d60fb22859e11483af735aec115fdde09467cdbb29edd9844839f2c920b748c0", size = 984872, upload-time = "2024-08-10T16:35:22.129Z" },
    { url = "https://files.pythonhosted.org/packages/b7/1c/1071c69e21b27ca5b1ea185fb897a0e724e85b8c4456b0b142b0cac3c33b/pyinstaller-6.10.0-py3-none-manylinux2014_aarch64.whl", hash = "sha256:46d75359668993ddd98630a3669dc5249f3c446e35239b43bc7f4155bc574748", size = 705041, upload-time = "2024-08-10T16:35:31.61Z" },
    { url = "https://files.pythonhosted.org/packages/c4/44/4e20bf97d464cb27fd9b25321c94beb8d1f5ed7176af38fe6a22d8766d2e/pyinstaller-6.10.0-py3-none-manylinux2014_i686.whl", hash = "sha256:3398a98fa17d47ccb31f8779ecbdacec025f7adb2f22757a54b706ac8b4fe906", size = 707309, upload-time = "2024-08-10T16:35:40.622Z" },
    { url = "https://files.pythonhosted.org/packages/65/e7/452dc579bd38b50142a0886a3a0fd67aa14fb84ea0376f339a568931319c/pyinstaller-6.10.0-py3-none-manylinux2014_ppc64le.whl", hash = "sha256:e9989f354ae4ed8a3bec7bdb37ae0d170751d6520e500f049c7cd0632d31d5c3", size = 712476, upload-time = "2024-08-10T16:35:48.985Z" },
    { url = "https://files.pythonhosted.org/packages/6e/56/5ce76d7dd53f8ed13d91d0ac9688b5624c849ad2dfcee18ff5709955d150/pyinstaller-6.10.0-py3-none-manylinux2014_s390x.whl", hash = "sha256:b7c90c91921b3749083115b28f30f40abf2bb481ceff196d2b2ce0eaa2b3d429", size = 702859, upload-time = "2024-08-10T16:35:55.79Z" },
    { url = "https://files.pythonhosted.org/packages/19/78/604bec9cd73cd02ed29f7bd72ec25dff6eccc57554ec3ab096959fae65de/pyinstaller-6.10.0-py3-none-manylinux2014_x86_64.whl", hash = "sha256:6cf876d7d93b8b4f28d1ad57fa24645cf43119c79e985dd5e5f7a801245e6f53", size = 703343, upload-time = "2024-08-10T16:36:02.374Z" },
    { url = "https://files.pythonhosted.org/packages/ba/8f/f21b92a90bb48a0e59f448ff6f92a823457922207cede7ae3abedcbfb974/pyinstaller-6.10.0-py3-none-musllinux_1_1_aarch64.whl", hash = "sha256:db05e3f2f10f9f78c56f1fb163d9cb453433429fe4281218ebaf1ebfd39ba942", size = 707763, upload-time = "2024-08-10T16:36:08.251Z" },
    { url = "https://files.pythonhosted.org/packages/fa/77/eeac52914f24d952524493d3190f6a383582d4abb117076f50264eba0f9e/pyinstaller-6.10.0-py3-none-musllinux_1_1_x86_64.whl", hash = "sha256:28eca3817f176fdc19747e1afcf434f13bb9f17a644f611be2c5a61b1f498ed7", size = 703742, upload-time = "2024-08-10T16:36:14.311Z" },
    { url = "https://files.pythonhosted.org/packages/a2/fd/dcbeb93783b983c8bf5d9cab929361761b0c3bc560de5377041eb2aec2b0/pyinstaller-6.10.0-py3-none-win32.whl", hash = "sha256:703e041718987e46ba0568a2c71ecf2459fddef57cf9edf3efeed4a53e3dae3f", size = 1272503, upload-time = "2024-08-10T16:36:27.633Z" },
    { url = "https://files.pythonhosted.org/packages/c2/13/fe1ea2fb379a4ea86fa38c224b853b94227246840484feccbb4f2fded615/pyinstaller-6.10.0-py3-none-win_amd64.whl", hash = "sha256:95b55966e563e8b8f31a43882aea10169e9a11fdf38e626d86a2907b640c0701", size = 1332831, upload-time = "2024-08-10T16:36:38.305Z" },
    { url = "https://files.pythonhosted.org/packages/4e/4f/d46f182cae5b43d97b18fa5b167a233ec04fd616d60514aece08d5c45ab8/pyinstaller-6.10.0-py3-none-win_arm64.whl", hash = "sha256:308e0a8670c9c9ac0cebbf1bbb492e71b6675606f2ec78bc4adfc830d209e087", size = 1259686, upload-time = "2024-08-10T16:36:53.356Z" },
]

[[package]]
name = "pyinstaller-hooks-contrib"
version = "2025.6"
source = { registry = "https://pypi.org/simple" }
dependencies = [
    { name = "packaging" },
    { name = "setuptools" },
]
sdist = { url = "https://files.pythonhosted.org/packages/ea/f7/d375cf8112d839afaf05b90c70dd128624473fd915fce211f5646b0afbc7/pyinstaller_hooks_contrib-2025.6.tar.gz", hash = "sha256:223ae773733fb7a0ee9cb5e817480998a90a6c7a9c3d2b7b580d2dfa2b325751", size = 163799, upload-time = "2025-07-14T21:42:50.497Z" }
wheels = [
    { url = "https://files.pythonhosted.org/packages/da/e6/ab065bd226099a4e39aa08a54810f846beb7a9c534fa221ee750a3befa25/pyinstaller_hooks_contrib-2025.6-py3-none-any.whl", hash = "sha256:06779d024f7d60dd75b05520923bba16b17df5f64073434b23e570ffb71094dc", size = 440590, upload-time = "2025-07-14T21:42:49.381Z" },
]

[[package]]
name = "pywin32-ctypes"
version = "0.2.3"
source = { registry = "https://pypi.org/simple" }
sdist = { url = "https://files.pythonhosted.org/packages/85/9f/01a1a99704853cb63f253eea009390c88e7131c67e66a0a02099a8c917cb/pywin32-ctypes-0.2.3.tar.gz", hash = "sha256:d162dc04946d704503b2edc4d55f3dba5c1d539ead017afa00142c38b9885755", size = 29471, upload-time = "2024-08-14T10:15:34.626Z" }
wheels = [
    { url = "https://files.pythonhosted.org/packages/de/3d/8161f7711c017e01ac9f008dfddd9410dff3674334c233bde66e7ba65bbf/pywin32_ctypes-0.2.3-py3-none-any.whl", hash = "sha256:8a1513379d709975552d202d942d9837758905c8d01eb82b8bcc30918929e7b8", size = 30756, upload-time = "2024-08-14T10:15:33.187Z" },
]

[[package]]
name = "rich-split"
version = "0.1.2"
source = { registry = "https://pypi.org/simple" }
dependencies = [
    { name = "marko" },
]
sdist = { url = "https://files.pythonhosted.org/packages/52/05/e798fc7cad1151721c2eb6d018eb80312a058359c56e76615ce90c3dca13/rich_split-0.1.2.tar.gz", hash = "sha256:798d3dbf31be39f89499c534e3ba55bee99f127da7ee95d6b668a72660963308", size = 19462, upload-time = "2024-04-26T13:41:38.331Z" }
wheels = [
    { url = "https://files.pythonhosted.org/packages/7e/74/64fe17805891fc5eff60aeaa64932867c206966595339db3a08d12b51756/rich_split-0.1.2-py3-none-any.whl", hash = "sha256:f0a25f855767e015fd55da29a1665467aac7b723cc2e2e7c36929dd71aefc2fe", size = 21509, upload-time = "2024-04-26T13:41:37.257Z" },
]

[[package]]
name = "setuptools"
version = "80.9.0"
source = { registry = "https://pypi.org/simple" }
sdist = { url = "https://files.pythonhosted.org/packages/18/5d/3bf57dcd21979b887f014ea83c24ae194cfcd12b9e0fda66b957c69d1fca/setuptools-80.9.0.tar.gz", hash = "sha256:f36b47402ecde768dbfafc46e8e4207b4360c654f1f3bb84475f0a28628fb19c", size = 1319958, upload-time = "2025-05-27T00:56:51.443Z" }
wheels = [
    { url = "https://files.pythonhosted.org/packages/a3/dc/17031897dae0efacfea57dfd3a82fdd2a2aeb58e0ff71b77b87e44edc772/setuptools-80.9.0-py3-none-any.whl", hash = "sha256:062d34222ad13e0cc312a4c02d73f059e86a4acbfbdea8f8f76b28c99f306922", size = 1201486, upload-time = "2025-05-27T00:56:49.664Z" },
]

[[package]]
name = "sniffio"
version = "1.3.1"
source = { registry = "https://pypi.org/simple" }
sdist = { url = "https://files.pythonhosted.org/packages/a2/87/a6771e1546d97e7e041b6ae58d80074f81b7d5121207425c964ddf5cfdbd/sniffio-1.3.1.tar.gz", hash = "sha256:f4324edc670a0f49750a81b895f35c3adb843cca46f0530f79fc1babb23789dc", size = 20372, upload-time = "2024-02-25T23:20:04.057Z" }
wheels = [
    { url = "https://files.pythonhosted.org/packages/e9/44/75a9c9421471a6c4805dbf2356f7c181a29c1879239abab1ea2cc8f38b40/sniffio-1.3.1-py3-none-any.whl", hash = "sha256:2f6da418d1f1e0fddd844478f41680e794e6051915791a034ff65e5f100525a2", size = 10235, upload-time = "2024-02-25T23:20:01.196Z" },
]

[[package]]
name = "socksio"
version = "1.0.0"
source = { registry = "https://pypi.org/simple" }
sdist = { url = "https://files.pythonhosted.org/packages/f8/5c/48a7d9495be3d1c651198fd99dbb6ce190e2274d0f28b9051307bdec6b85/socksio-1.0.0.tar.gz", hash = "sha256:f88beb3da5b5c38b9890469de67d0cb0f9d494b78b106ca1845f96c10b91c4ac", size = 19055, upload-time = "2020-04-17T15:50:34.664Z" }
wheels = [
    { url = "https://files.pythonhosted.org/packages/37/c3/6eeb6034408dac0fa653d126c9204ade96b819c936e136c5e8a6897eee9c/socksio-1.0.0-py3-none-any.whl", hash = "sha256:95dc1f15f9b34e8d7b16f06d74b8ccf48f609af32ab33c608d08761c5dcbb1f3", size = 12763, upload-time = "2020-04-17T15:50:31.878Z" },
]

[[package]]
name = "soupsieve"
version = "2.7"
source = { registry = "https://pypi.org/simple" }
sdist = { url = "https://files.pythonhosted.org/packages/3f/f4/4a80cd6ef364b2e8b65b15816a843c0980f7a5a2b4dc701fc574952aa19f/soupsieve-2.7.tar.gz", hash = "sha256:ad282f9b6926286d2ead4750552c8a6142bc4c783fd66b0293547c8fe6ae126a", size = 103418, upload-time = "2025-04-20T18:50:08.518Z" }
wheels = [
    { url = "https://files.pythonhosted.org/packages/e7/9c/0e6afc12c269578be5c0c1c9f4b49a8d32770a080260c333ac04cc1c832d/soupsieve-2.7-py3-none-any.whl", hash = "sha256:6e60cc5c1ffaf1cebcc12e8188320b72071e922c2e897f737cadce79ad5d30c4", size = 36677, upload-time = "2025-04-20T18:50:07.196Z" },
]

[[package]]
name = "typing-extensions"
version = "4.14.1"
source = { registry = "https://pypi.org/simple" }
sdist = { url = "https://files.pythonhosted.org/packages/98/5a/da40306b885cc8c09109dc2e1abd358d5684b1425678151cdaed4731c822/typing_extensions-4.14.1.tar.gz", hash = "sha256:38b39f4aeeab64884ce9f74c94263ef78f3c22467c8724005483154c26648d36", size = 107673, upload-time = "2025-07-04T13:28:34.16Z" }
wheels = [
    { url = "https://files.pythonhosted.org/packages/b5/00/d631e67a838026495268c2f6884f3711a15a9a2a96cd244fdaea53b823fb/typing_extensions-4.14.1-py3-none-any.whl", hash = "sha256:d1e1e3b58374dc93031d6eda2420a48ea44a36c2b4766a4fdeb3710755731d76", size = 43906, upload-time = "2025-07-04T13:28:32.743Z" },
]
